
Microsoft Visual Studio Solution File, Format Version 12.00
# Visual Studio 15
VisualStudioVersion = 15.0.28307.572
MinimumVisualStudioVersion = 10.0.40219.1
Project("{8BC9CEB8-8B4A-11D0-8D11-00A0C91BC942}") = "Server", "Arkanoid\Arkanoid.vcxproj", "{8FA212D5-680C-4F8A-B8B3-3C93498895D5}"
EndProject
Project("{8BC9CEB8-8B4A-11D0-8D11-00A0C91BC942}") = "Communicate", "Communicate\Communicate.vcxproj", "{D6559272-BFBA-40DA-A5FB-9FF75F089D63}"
EndProject
Project("{8BC9CEB8-8B4A-11D0-8D11-00A0C91BC942}") = "Client", "Client\Client.vcxproj", "{22EC75BE-A155-41A2-9FD7-F1DDDBDF5207}"
EndProject
Global
	GlobalSection(SolutionConfigurationPlatforms) = preSolution
		Debug|x64 = Debug|x64
		Debug|x86 = Debug|x86
		Release|x64 = Release|x64
		Release|x86 = Release|x86
	EndGlobalSection
	GlobalSection(ProjectConfigurationPlatforms) = postSolution
		{8FA212D5-680C-4F8A-B8B3-3C93498895D5}.Debug|x64.ActiveCfg = Debug|x64
		{8FA212D5-680C-4F8A-B8B3-3C93498895D5}.Debug|x64.Build.0 = Debug|x64
		{8FA212D5-680C-4F8A-B8B3-3C93498895D5}.Debug|x86.ActiveCfg = Debug|Win32
		{8FA212D5-680C-4F8A-B8B3-3C93498895D5}.Debug|x86.Build.0 = Debug|Win32
		{8FA212D5-680C-4F8A-B8B3-3C93498895D5}.Release|x64.ActiveCfg = Release|x64
		{8FA212D5-680C-4F8A-B8B3-3C93498895D5}.Release|x64.Build.0 = Release|x64
		{8FA212D5-680C-4F8A-B8B3-3C93498895D5}.Release|x86.ActiveCfg = Release|Win32
		{8FA212D5-680C-4F8A-B8B3-3C93498895D5}.Release|x86.Build.0 = Release|Win32
		{D6559272-BFBA-40DA-A5FB-9FF75F089D63}.Debug|x64.ActiveCfg = Debug|x64
		{D6559272-BFBA-40DA-A5FB-9FF75F089D63}.Debug|x64.Build.0 = Debug|x64
		{D6559272-BFBA-40DA-A5FB-9FF75F089D63}.Debug|x86.ActiveCfg = Debug|Win32
		{D6559272-BFBA-40DA-A5FB-9FF75F089D63}.Debug|x86.Build.0 = Debug|Win32
		{D6559272-BFBA-40DA-A5FB-9FF75F089D63}.Release|x64.ActiveCfg = Release|x64
		{D6559272-BFBA-40DA-A5FB-9FF75F089D63}.Release|x64.Build.0 = Release|x64
		{D6559272-BFBA-40DA-A5FB-9FF75F089D63}.Release|x86.ActiveCfg = Release|Win32
		{D6559272-BFBA-40DA-A5FB-9FF75F089D63}.Release|x86.Build.0 = Release|Win32
		{22EC75BE-A155-41A2-9FD7-F1DDDBDF5207}.Debug|x64.ActiveCfg = Debug|x64
		{22EC75BE-A155-41A2-9FD7-F1DDDBDF5207}.Debug|x64.Build.0 = Debug|x64
		{22EC75BE-A155-41A2-9FD7-F1DDDBDF5207}.Debug|x86.ActiveCfg = Debug|Win32
		{22EC75BE-A155-41A2-9FD7-F1DDDBDF5207}.Debug|x86.Build.0 = Debug|Win32
		{22EC75BE-A155-41A2-9FD7-F1DDDBDF5207}.Release|x64.ActiveCfg = Release|x64
		{22EC75BE-A155-41A2-9FD7-F1DDDBDF5207}.Release|x64.Build.0 = Release|x64
		{22EC75BE-A155-41A2-9FD7-F1DDDBDF5207}.Release|x86.ActiveCfg = Release|Win32
		{22EC75BE-A155-41A2-9FD7-F1DDDBDF5207}.Release|x86.Build.0 = Release|Win32
	EndGlobalSection
	GlobalSection(SolutionProperties) = preSolution
		HideSolutionNode = FALSE
	EndGlobalSection
	GlobalSection(ExtensibilityGlobals) = postSolution
		SolutionGuid = {F2CB1046-C964-4C73-AF64-9147273FDB78}
	EndGlobalSection
EndGlobal
